
Microsoft Visual Studio Solution File, Format Version 12.00
# Visual Studio 15
VisualStudioVersion = 15.0.27004.2008
MinimumVisualStudioVersion = 10.0.40219.1
Project("{8BC9CEB8-8B4A-11D0-8D11-00A0C91BC942}") = "ProjektSygnaly2", "ProjektSygnaly2\ProjektSygnaly2.vcxproj", "{D7FEA19D-92E9-48BB-ADF3-DA3BB81F8516}"
EndProject
Global
	GlobalSection(SolutionConfigurationPlatforms) = preSolution
		Debug|x64 = Debug|x64
		Debug|x86 = Debug|x86
		Release|x64 = Release|x64
		Release|x86 = Release|x86
	EndGlobalSection
	GlobalSection(ProjectConfigurationPlatforms) = postSolution
		{D7FEA19D-92E9-48BB-ADF3-DA3BB81F8516}.Debug|x64.ActiveCfg = Debug|x64
		{D7FEA19D-92E9-48BB-ADF3-DA3BB81F8516}.Debug|x64.Build.0 = Debug|x64
		{D7FEA19D-92E9-48BB-ADF3-DA3BB81F8516}.Debug|x86.ActiveCfg = Debug|Win32
		{D7FEA19D-92E9-48BB-ADF3-DA3BB81F8516}.Debug|x86.Build.0 = Debug|Win32
		{D7FEA19D-92E9-48BB-ADF3-DA3BB81F8516}.Release|x64.ActiveCfg = Release|x64
		{D7FEA19D-92E9-48BB-ADF3-DA3BB81F8516}.Release|x64.Build.0 = Release|x64
		{D7FEA19D-92E9-48BB-ADF3-DA3BB81F8516}.Release|x86.ActiveCfg = Release|Win32
		{D7FEA19D-92E9-48BB-ADF3-DA3BB81F8516}.Release|x86.Build.0 = Release|Win32
	EndGlobalSection
	GlobalSection(SolutionProperties) = preSolution
		HideSolutionNode = FALSE
	EndGlobalSection
	GlobalSection(ExtensibilityGlobals) = postSolution
		SolutionGuid = {CE6A0EC6-EAB5-4424-949B-8B30C1192103}
	EndGlobalSection
EndGlobal
